
Microsoft Visual Studio Solution File, Format Version 12.00
# Visual Studio Version 17
VisualStudioVersion = 17.12.35728.132
MinimumVisualStudioVersion = 10.0.40219.1
Project("{2150E333-8FDC-42A3-9474-1A3956D46DE8}") = "src", "src", "{47F5C53B-414F-4465-80B9-513CA7E9C464}"
EndProject
Project("{2150E333-8FDC-42A3-9474-1A3956D46DE8}") = "Easy", "Easy", "{124FCCB3-8704-42B7-A172-9AE2B12B3611}"
EndProject
Project("{2150E333-8FDC-42A3-9474-1A3956D46DE8}") = "0066-PlusOne", "0066-PlusOne", "{AC23C81C-2E06-4366-A925-306E56AE557B}"
EndProject
Project("{FAE04EC0-301F-11D3-BF4B-00C04F79EFBC}") = "PlusOne", "PlusOne\PlusOne.csproj", "{211254D4-1941-43CF-858C-3C6435FA4A5D}"
EndProject
Project("{2150E333-8FDC-42A3-9474-1A3956D46DE8}") = "0961-NRepeatedElementInSize2NArray", "0961-NRepeatedElementInSize2NArray", "{8AD656DD-E2CD-4FBA-ADF2-3E98BAF6E7E6}"
EndProject
Project("{FAE04EC0-301F-11D3-BF4B-00C04F79EFBC}") = "RepeatedElementArray", "RepeatedElementArray\RepeatedElementArray.csproj", "{9CA3360F-4E81-4950-B04A-05F2A402AB2C}"
EndProject
Project("{2150E333-8FDC-42A3-9474-1A3956D46DE8}") = "0020-ValidParentheses", "0020-ValidParentheses", "{3C6DEB9A-B60C-4807-AFF2-48B58142A5B1}"
EndProject
Project("{FAE04EC0-301F-11D3-BF4B-00C04F79EFBC}") = "ValidParentheses", "ValidParentheses\ValidParentheses.csproj", "{7559F3EF-E3A3-44A1-99A2-40C047D7AFD6}"
EndProject
Project("{2150E333-8FDC-42A3-9474-1A3956D46DE8}") = "0021-MergeTwoSortedLists", "0021-MergeTwoSortedLists", "{D1E6AA27-8D28-454C-99C1-36DF5E580FB8}"
EndProject
Project("{FAE04EC0-301F-11D3-BF4B-00C04F79EFBC}") = "MergeTwoSortedList", "MergeTwoSortedList\MergeTwoSortedList.csproj", "{0A953D69-0AD8-4160-AA55-F1F78DF30F9B}"
EndProject
Project("{2150E333-8FDC-42A3-9474-1A3956D46DE8}") = "0035-SearchInsertPosition", "0035-SearchInsertPosition", "{35D715A5-D408-4D11-B640-05DEE9B8ADE0}"
EndProject
Project("{FAE04EC0-301F-11D3-BF4B-00C04F79EFBC}") = "SearchInsertPosition", "SearchInsertPosition\SearchInsertPosition.csproj", "{BB35668A-E6D4-41E2-A5D2-A2BA6207798F}"
EndProject
Project("{2150E333-8FDC-42A3-9474-1A3956D46DE8}") = "0067-AddBinary", "0067-AddBinary", "{F82B6D91-CC0D-4A41-9E90-DE3B6CEF7718}"
EndProject
Project("{FAE04EC0-301F-11D3-BF4B-00C04F79EFBC}") = "AddBinary", "AddBinary\AddBinary.csproj", "{6675C591-C92C-4F24-8951-F0F3DF5BC309}"
EndProject
Project("{2150E333-8FDC-42A3-9474-1A3956D46DE8}") = "0001-TwoSum", "0001-TwoSum", "{D58C4FC4-4F0C-4360-8168-0427A21AA6F1}"
EndProject
Project("{FAE04EC0-301F-11D3-BF4B-00C04F79EFBC}") = "TwoSum", "TwoSum\TwoSum.csproj", "{FA7F159B-14B3-4650-ACCA-5102828C9621}"
EndProject
Project("{2150E333-8FDC-42A3-9474-1A3956D46DE8}") = "0069-Sqrt", "0069-Sqrt", "{5E5EF70A-DED6-4835-865F-C31CFCD7F968}"
EndProject
Project("{FAE04EC0-301F-11D3-BF4B-00C04F79EFBC}") = "Sqrt", "Sqrt\Sqrt.csproj", "{154060BC-6DAF-43C0-9DBB-2F03E882C1CA}"
EndProject
Global
	GlobalSection(SolutionConfigurationPlatforms) = preSolution
		Debug|Any CPU = Debug|Any CPU
		Release|Any CPU = Release|Any CPU
	EndGlobalSection
	GlobalSection(ProjectConfigurationPlatforms) = postSolution
		{211254D4-1941-43CF-858C-3C6435FA4A5D}.Debug|Any CPU.ActiveCfg = Debug|Any CPU
		{211254D4-1941-43CF-858C-3C6435FA4A5D}.Debug|Any CPU.Build.0 = Debug|Any CPU
		{211254D4-1941-43CF-858C-3C6435FA4A5D}.Release|Any CPU.ActiveCfg = Release|Any CPU
		{211254D4-1941-43CF-858C-3C6435FA4A5D}.Release|Any CPU.Build.0 = Release|Any CPU
		{9CA3360F-4E81-4950-B04A-05F2A402AB2C}.Debug|Any CPU.ActiveCfg = Debug|Any CPU
		{9CA3360F-4E81-4950-B04A-05F2A402AB2C}.Debug|Any CPU.Build.0 = Debug|Any CPU
		{9CA3360F-4E81-4950-B04A-05F2A402AB2C}.Release|Any CPU.ActiveCfg = Release|Any CPU
		{9CA3360F-4E81-4950-B04A-05F2A402AB2C}.Release|Any CPU.Build.0 = Release|Any CPU
		{7559F3EF-E3A3-44A1-99A2-40C047D7AFD6}.Debug|Any CPU.ActiveCfg = Debug|Any CPU
		{7559F3EF-E3A3-44A1-99A2-40C047D7AFD6}.Debug|Any CPU.Build.0 = Debug|Any CPU
		{7559F3EF-E3A3-44A1-99A2-40C047D7AFD6}.Release|Any CPU.ActiveCfg = Release|Any CPU
		{7559F3EF-E3A3-44A1-99A2-40C047D7AFD6}.Release|Any CPU.Build.0 = Release|Any CPU
		{0A953D69-0AD8-4160-AA55-F1F78DF30F9B}.Debug|Any CPU.ActiveCfg = Debug|Any CPU
		{0A953D69-0AD8-4160-AA55-F1F78DF30F9B}.Debug|Any CPU.Build.0 = Debug|Any CPU
		{0A953D69-0AD8-4160-AA55-F1F78DF30F9B}.Release|Any CPU.ActiveCfg = Release|Any CPU
		{0A953D69-0AD8-4160-AA55-F1F78DF30F9B}.Release|Any CPU.Build.0 = Release|Any CPU
		{BB35668A-E6D4-41E2-A5D2-A2BA6207798F}.Debug|Any CPU.ActiveCfg = Debug|Any CPU
		{BB35668A-E6D4-41E2-A5D2-A2BA6207798F}.Debug|Any CPU.Build.0 = Debug|Any CPU
		{BB35668A-E6D4-41E2-A5D2-A2BA6207798F}.Release|Any CPU.ActiveCfg = Release|Any CPU
		{BB35668A-E6D4-41E2-A5D2-A2BA6207798F}.Release|Any CPU.Build.0 = Release|Any CPU
		{6675C591-C92C-4F24-8951-F0F3DF5BC309}.Debug|Any CPU.ActiveCfg = Debug|Any CPU
		{6675C591-C92C-4F24-8951-F0F3DF5BC309}.Debug|Any CPU.Build.0 = Debug|Any CPU
		{6675C591-C92C-4F24-8951-F0F3DF5BC309}.Release|Any CPU.ActiveCfg = Release|Any CPU
		{6675C591-C92C-4F24-8951-F0F3DF5BC309}.Release|Any CPU.Build.0 = Release|Any CPU
		{FA7F159B-14B3-4650-ACCA-5102828C9621}.Debug|Any CPU.ActiveCfg = Debug|Any CPU
		{FA7F159B-14B3-4650-ACCA-5102828C9621}.Debug|Any CPU.Build.0 = Debug|Any CPU
		{FA7F159B-14B3-4650-ACCA-5102828C9621}.Release|Any CPU.ActiveCfg = Release|Any CPU
		{FA7F159B-14B3-4650-ACCA-5102828C9621}.Release|Any CPU.Build.0 = Release|Any CPU
		{154060BC-6DAF-43C0-9DBB-2F03E882C1CA}.Debug|Any CPU.ActiveCfg = Debug|Any CPU
		{154060BC-6DAF-43C0-9DBB-2F03E882C1CA}.Debug|Any CPU.Build.0 = Debug|Any CPU
		{154060BC-6DAF-43C0-9DBB-2F03E882C1CA}.Release|Any CPU.ActiveCfg = Release|Any CPU
		{154060BC-6DAF-43C0-9DBB-2F03E882C1CA}.Release|Any CPU.Build.0 = Release|Any CPU
	EndGlobalSection
	GlobalSection(SolutionProperties) = preSolution
		HideSolutionNode = FALSE
	EndGlobalSection
	GlobalSection(NestedProjects) = preSolution
		{124FCCB3-8704-42B7-A172-9AE2B12B3611} = {47F5C53B-414F-4465-80B9-513CA7E9C464}
		{AC23C81C-2E06-4366-A925-306E56AE557B} = {124FCCB3-8704-42B7-A172-9AE2B12B3611}
		{211254D4-1941-43CF-858C-3C6435FA4A5D} = {AC23C81C-2E06-4366-A925-306E56AE557B}
		{8AD656DD-E2CD-4FBA-ADF2-3E98BAF6E7E6} = {124FCCB3-8704-42B7-A172-9AE2B12B3611}
		{9CA3360F-4E81-4950-B04A-05F2A402AB2C} = {8AD656DD-E2CD-4FBA-ADF2-3E98BAF6E7E6}
		{3C6DEB9A-B60C-4807-AFF2-48B58142A5B1} = {124FCCB3-8704-42B7-A172-9AE2B12B3611}
		{7559F3EF-E3A3-44A1-99A2-40C047D7AFD6} = {3C6DEB9A-B60C-4807-AFF2-48B58142A5B1}
		{D1E6AA27-8D28-454C-99C1-36DF5E580FB8} = {124FCCB3-8704-42B7-A172-9AE2B12B3611}
		{0A953D69-0AD8-4160-AA55-F1F78DF30F9B} = {D1E6AA27-8D28-454C-99C1-36DF5E580FB8}
		{35D715A5-D408-4D11-B640-05DEE9B8ADE0} = {124FCCB3-8704-42B7-A172-9AE2B12B3611}
		{BB35668A-E6D4-41E2-A5D2-A2BA6207798F} = {35D715A5-D408-4D11-B640-05DEE9B8ADE0}
		{F82B6D91-CC0D-4A41-9E90-DE3B6CEF7718} = {124FCCB3-8704-42B7-A172-9AE2B12B3611}
		{6675C591-C92C-4F24-8951-F0F3DF5BC309} = {F82B6D91-CC0D-4A41-9E90-DE3B6CEF7718}
		{D58C4FC4-4F0C-4360-8168-0427A21AA6F1} = {124FCCB3-8704-42B7-A172-9AE2B12B3611}
		{FA7F159B-14B3-4650-ACCA-5102828C9621} = {D58C4FC4-4F0C-4360-8168-0427A21AA6F1}
		{5E5EF70A-DED6-4835-865F-C31CFCD7F968} = {124FCCB3-8704-42B7-A172-9AE2B12B3611}
		{154060BC-6DAF-43C0-9DBB-2F03E882C1CA} = {5E5EF70A-DED6-4835-865F-C31CFCD7F968}
	EndGlobalSection
EndGlobal
