
Microsoft Visual Studio Solution File, Format Version 12.00
# Visual Studio Version 17
VisualStudioVersion = 17.12.35728.132
MinimumVisualStudioVersion = 10.0.40219.1
Project("{2150E333-8FDC-42A3-9474-1A3956D46DE8}") = "src", "src", "{47F5C53B-414F-4465-80B9-513CA7E9C464}"
EndProject
Project("{2150E333-8FDC-42A3-9474-1A3956D46DE8}") = "Easy", "Easy", "{124FCCB3-8704-42B7-A172-9AE2B12B3611}"
EndProject
Project("{2150E333-8FDC-42A3-9474-1A3956D46DE8}") = "0066-PlusOne", "0066-PlusOne", "{AC23C81C-2E06-4366-A925-306E56AE557B}"
EndProject
Project("{FAE04EC0-301F-11D3-BF4B-00C04F79EFBC}") = "PlusOne", "PlusOne\PlusOne.csproj", "{211254D4-1941-43CF-858C-3C6435FA4A5D}"
EndProject
Project("{2150E333-8FDC-42A3-9474-1A3956D46DE8}") = "0961-NRepeatedElementInSize2NArray", "0961-NRepeatedElementInSize2NArray", "{8AD656DD-E2CD-4FBA-ADF2-3E98BAF6E7E6}"
EndProject
Project("{FAE04EC0-301F-11D3-BF4B-00C04F79EFBC}") = "RepeatedElementArray", "RepeatedElementArray\RepeatedElementArray.csproj", "{9CA3360F-4E81-4950-B04A-05F2A402AB2C}"
EndProject
Project("{2150E333-8FDC-42A3-9474-1A3956D46DE8}") = "0020-ValidParentheses", "0020-ValidParentheses", "{3C6DEB9A-B60C-4807-AFF2-48B58142A5B1}"
EndProject
Project("{FAE04EC0-301F-11D3-BF4B-00C04F79EFBC}") = "ValidParentheses", "ValidParentheses\ValidParentheses.csproj", "{7559F3EF-E3A3-44A1-99A2-40C047D7AFD6}"
EndProject
Project("{2150E333-8FDC-42A3-9474-1A3956D46DE8}") = "0021-MergeTwoSortedLists", "0021-MergeTwoSortedLists", "{D1E6AA27-8D28-454C-99C1-36DF5E580FB8}"
EndProject
Project("{FAE04EC0-301F-11D3-BF4B-00C04F79EFBC}") = "MergeTwoSortedList", "MergeTwoSortedList\MergeTwoSortedList.csproj", "{0A953D69-0AD8-4160-AA55-F1F78DF30F9B}"
EndProject
Project("{2150E333-8FDC-42A3-9474-1A3956D46DE8}") = "0035-SearchInsertPosition", "0035-SearchInsertPosition", "{35D715A5-D408-4D11-B640-05DEE9B8ADE0}"
EndProject
Project("{FAE04EC0-301F-11D3-BF4B-00C04F79EFBC}") = "SearchInsertPosition", "SearchInsertPosition\SearchInsertPosition.csproj", "{BB35668A-E6D4-41E2-A5D2-A2BA6207798F}"
EndProject
Project("{2150E333-8FDC-42A3-9474-1A3956D46DE8}") = "0067-AddBinary", "0067-AddBinary", "{F82B6D91-CC0D-4A41-9E90-DE3B6CEF7718}"
EndProject
Project("{FAE04EC0-301F-11D3-BF4B-00C04F79EFBC}") = "AddBinary", "AddBinary\AddBinary.csproj", "{6675C591-C92C-4F24-8951-F0F3DF5BC309}"
EndProject
Project("{2150E333-8FDC-42A3-9474-1A3956D46DE8}") = "0001-TwoSum", "0001-TwoSum", "{D58C4FC4-4F0C-4360-8168-0427A21AA6F1}"
EndProject
Project("{FAE04EC0-301F-11D3-BF4B-00C04F79EFBC}") = "TwoSum", "TwoSum\TwoSum.csproj", "{FA7F159B-14B3-4650-ACCA-5102828C9621}"
EndProject
Project("{2150E333-8FDC-42A3-9474-1A3956D46DE8}") = "0069-Sqrt", "0069-Sqrt", "{5E5EF70A-DED6-4835-865F-C31CFCD7F968}"
EndProject
Project("{FAE04EC0-301F-11D3-BF4B-00C04F79EFBC}") = "Sqrt", "Sqrt\Sqrt.csproj", "{154060BC-6DAF-43C0-9DBB-2F03E882C1CA}"
EndProject
Project("{2150E333-8FDC-42A3-9474-1A3956D46DE8}") = "0070-ClimbingStairs", "0070-ClimbingStairs", "{A5CFC9D4-4E68-410F-A060-3EC6063495D6}"
EndProject
Project("{FAE04EC0-301F-11D3-BF4B-00C04F79EFBC}") = "ClimbingStair", "ClimbingStair\ClimbingStair.csproj", "{A7BFE0F2-7256-46D8-8902-C5C2A13F612D}"
EndProject
Project("{2150E333-8FDC-42A3-9474-1A3956D46DE8}") = "0083-RemoveDuplicatesFromSortedList", "0083-RemoveDuplicatesFromSortedList", "{89874898-2774-4E27-8107-8318E897956F}"
EndProject
Project("{FAE04EC0-301F-11D3-BF4B-00C04F79EFBC}") = "RemoveDuplicatesFromSortedList", "RemoveDuplicatesFromSortedList\RemoveDuplicatesFromSortedList.csproj", "{341BD217-E3A0-481A-8895-B2E7E007B7B9}"
EndProject
Project("{2150E333-8FDC-42A3-9474-1A3956D46DE8}") = "0088-MergeSortedArray", "0088-MergeSortedArray", "{8E81D041-955E-44C7-93FC-CC337558C171}"
EndProject
Project("{FAE04EC0-301F-11D3-BF4B-00C04F79EFBC}") = "MergeSortedArray", "MergeSortedArray\MergeSortedArray.csproj", "{3A0F42EB-E6D0-4C16-879B-39F3D39DE50F}"
EndProject
Project("{2150E333-8FDC-42A3-9474-1A3956D46DE8}") = "0094-BinaryTreeInorderTraversal", "0094-BinaryTreeInorderTraversal", "{A7AF1AAE-1988-44AA-AF29-B678C4B6F86C}"
EndProject
Project("{FAE04EC0-301F-11D3-BF4B-00C04F79EFBC}") = "BinaryTreeInorderTraversal", "BinaryTreeInorderTraversal\BinaryTreeInorderTraversal.csproj", "{32248C7F-FF67-48F5-8225-9E66345121AE}"
EndProject
Project("{2150E333-8FDC-42A3-9474-1A3956D46DE8}") = "0100-SameTree", "0100-SameTree", "{5816C171-8D9E-4903-8A95-4627011BC60D}"
EndProject
Project("{FAE04EC0-301F-11D3-BF4B-00C04F79EFBC}") = "SameTree", "SameTree\SameTree.csproj", "{CD77631C-328F-49BB-9328-C8509D00834F}"
EndProject
Project("{2150E333-8FDC-42A3-9474-1A3956D46DE8}") = "0101-SymmetricTree", "0101-SymmetricTree", "{25D150FB-4E36-477B-9CAF-D859CE3FB8A1}"
EndProject
Project("{FAE04EC0-301F-11D3-BF4B-00C04F79EFBC}") = "SymmetricTree", "SymmetricTree\SymmetricTree.csproj", "{F2107314-9453-462D-95DF-24936045DDB4}"
EndProject
Project("{2150E333-8FDC-42A3-9474-1A3956D46DE8}") = "0104-MaximumDepthOfBinaryTree", "0104-MaximumDepthOfBinaryTree", "{EE50C518-6F49-479A-BF06-2A3B14D55509}"
EndProject
Project("{FAE04EC0-301F-11D3-BF4B-00C04F79EFBC}") = "MaximumDepthOfBinaryTree", "MaximumDepthOfBinaryTree\MaximumDepthOfBinaryTree.csproj", "{BE5E547E-C4EC-4DAE-B236-4AA3FB36F0DB}"
EndProject
Project("{2150E333-8FDC-42A3-9474-1A3956D46DE8}") = "0108-ConvertSortedArrayToBinarySearchTree", "0108-ConvertSortedArrayToBinarySearchTree", "{6CA7AC01-B0C6-4659-88B2-4C54F848D356}"
EndProject
Project("{FAE04EC0-301F-11D3-BF4B-00C04F79EFBC}") = "ConvertSortedArrayToBinarySearchTree", "ConvertSortedArrayToBinarySearchTree\ConvertSortedArrayToBinarySearchTree.csproj", "{6B030F0F-4C88-4F0C-B6ED-742BD41E6B92}"
EndProject
Project("{2150E333-8FDC-42A3-9474-1A3956D46DE8}") = "0110-BalancedBinaryTree", "0110-BalancedBinaryTree", "{344CAE3D-B72B-4321-A82D-0BEF597B915E}"
EndProject
Project("{FAE04EC0-301F-11D3-BF4B-00C04F79EFBC}") = "BalancedBinaryTree", "BalancedBinaryTree\BalancedBinaryTree.csproj", "{589AC2A0-643E-4A52-AE17-32C047596429}"
EndProject
Project("{2150E333-8FDC-42A3-9474-1A3956D46DE8}") = "0111-MinimumDepthOfBinaryTree", "0111-MinimumDepthOfBinaryTree", "{711C72D9-2CCB-47B4-86C8-757E782707A5}"
EndProject
Project("{FAE04EC0-301F-11D3-BF4B-00C04F79EFBC}") = "MinimumDepthOfBinaryTree", "MinimumDepthOfBinaryTree\MinimumDepthOfBinaryTree.csproj", "{2CB2449B-6C5E-43E3-A104-AA4B8DB125C0}"
EndProject
Project("{2150E333-8FDC-42A3-9474-1A3956D46DE8}") = "0112-PathSum", "0112-PathSum", "{89DEFF1A-0420-4644-BFB8-3302AB847194}"
EndProject
Project("{FAE04EC0-301F-11D3-BF4B-00C04F79EFBC}") = "PathSum", "PathSum\PathSum.csproj", "{30429552-5308-4C8D-BB35-FA57049338C3}"
EndProject
Project("{2150E333-8FDC-42A3-9474-1A3956D46DE8}") = "0002-AddTwoNumbers", "0002-AddTwoNumbers", "{CAC7A2B4-763D-40EC-9645-5DB97E332203}"
EndProject
Project("{FAE04EC0-301F-11D3-BF4B-00C04F79EFBC}") = "AddTwoNumber", "AddTwoNumber\AddTwoNumber.csproj", "{F72FE54A-FE10-45BE-93CD-4F4ED14622BF}"
EndProject
Project("{2150E333-8FDC-42A3-9474-1A3956D46DE8}") = "0118-PascalTriangle", "0118-PascalTriangle", "{AB1961ED-A0D5-4713-8A38-83293D207337}"
EndProject
Project("{FAE04EC0-301F-11D3-BF4B-00C04F79EFBC}") = "PascalTriangle", "PascalTriangle\PascalTriangle.csproj", "{B7A233CB-2276-489C-802E-D76C1E065CA8}"
EndProject
Project("{2150E333-8FDC-42A3-9474-1A3956D46DE8}") = "3507-MinimumPairRemovalToSortArray", "3507-MinimumPairRemovalToSortArray", "{9D350672-08B4-4EA7-A0CB-BA0D819203A5}"
EndProject
Project("{FAE04EC0-301F-11D3-BF4B-00C04F79EFBC}") = "MinimumPairRemovalToSortArray", "MinimumPairRemovalToSortArray\MinimumPairRemovalToSortArray.csproj", "{FD65C28E-5324-40CF-8DB3-B4F1187AE3FC}"
EndProject
Project("{2150E333-8FDC-42A3-9474-1A3956D46DE8}") = "0125-ValidPalindrome", "0125-ValidPalindrome", "{76024826-8D30-4CB2-90ED-D8AB696E14FE}"
EndProject
Project("{FAE04EC0-301F-11D3-BF4B-00C04F79EFBC}") = "ValidPalindrome", "ValidPalindrome\ValidPalindrome.csproj", "{138A19ED-683B-414E-9745-383A2150DC48}"
EndProject
Project("{2150E333-8FDC-42A3-9474-1A3956D46DE8}") = "0119-PascalTriangleII", "0119-PascalTriangleII", "{EFE2F420-4FAB-4565-98A7-FFA76326AC31}"
EndProject
Project("{FAE04EC0-301F-11D3-BF4B-00C04F79EFBC}") = "PascalTriangleII", "PascalTriangleII\PascalTriangleII.csproj", "{D436D36B-82E8-4E11-8F08-5F712A739F48}"
EndProject
Project("{2150E333-8FDC-42A3-9474-1A3956D46DE8}") = "0121-BestTimeToBuyAndSellStock", "0121-BestTimeToBuyAndSellStock", "{8F657002-F16B-4DA8-AF6C-06807A11D094}"
EndProject
Project("{FAE04EC0-301F-11D3-BF4B-00C04F79EFBC}") = "BestTimeToBuyAndSellStock", "BestTimeToBuyAndSellStock\BestTimeToBuyAndSellStock.csproj", "{8E12CF59-181D-4FCA-8AE5-1FB4E6B3A829}"
EndProject
Project("{2150E333-8FDC-42A3-9474-1A3956D46DE8}") = "0136-SingleNumber", "0136-SingleNumber", "{887A6583-47E4-4251-BE81-F7E0C90BD923}"
EndProject
Project("{FAE04EC0-301F-11D3-BF4B-00C04F79EFBC}") = "SingleNumber", "SingleNumber\SingleNumber.csproj", "{1F740F7E-9CE5-4735-9E61-394E8CAD0801}"
EndProject
Project("{2150E333-8FDC-42A3-9474-1A3956D46DE8}") = "0141-LinkedListCycle", "0141-LinkedListCycle", "{DC605055-162F-4B2C-858F-6D4317855D7F}"
EndProject
Project("{FAE04EC0-301F-11D3-BF4B-00C04F79EFBC}") = "LinkedListCycle", "LinkedListCycle\LinkedListCycle.csproj", "{C9C72018-F3D2-4AB1-A9C8-DB2F25DE673C}"
EndProject
Project("{2150E333-8FDC-42A3-9474-1A3956D46DE8}") = "0144-BinaryTreePreorderTraversal", "0144-BinaryTreePreorderTraversal", "{FD2BAB1E-1EB9-4FD9-BB41-A0F1AA2BDC19}"
EndProject
Project("{FAE04EC0-301F-11D3-BF4B-00C04F79EFBC}") = "BinaryTreePreorderTraversal", "BinaryTreePreorderTraversal\BinaryTreePreorderTraversal.csproj", "{C1B2F459-4899-4228-8B94-9D5D0157E4B0}"
EndProject
Project("{2150E333-8FDC-42A3-9474-1A3956D46DE8}") = "0217-ContainsDuplicate", "0217-ContainsDuplicate", "{7ABF1AB6-6C26-4359-A363-880F440CFDDA}"
EndProject
Project("{FAE04EC0-301F-11D3-BF4B-00C04F79EFBC}") = "ContainsDuplicate", "ContainsDuplicate\ContainsDuplicate.csproj", "{04A00737-0DE5-4059-BF7C-CE04152533AF}"
EndProject
Project("{2150E333-8FDC-42A3-9474-1A3956D46DE8}") = "0168-ExcelSheetColumnTitle", "0168-ExcelSheetColumnTitle", "{56C96559-CF98-4348-8871-3C074F231CD6}"
EndProject
Project("{FAE04EC0-301F-11D3-BF4B-00C04F79EFBC}") = "ExcelSheetColumnTitle", "ExcelSheetColumnTitle\ExcelSheetColumnTitle.csproj", "{08CF90F4-73C3-4104-89AF-68984B143FAB}"
EndProject
Project("{2150E333-8FDC-42A3-9474-1A3956D46DE8}") = "0169-MajorityElement", "0169-MajorityElement", "{864201EB-F3AD-4C54-B77C-A3FC5215B1B8}"
EndProject
Project("{FAE04EC0-301F-11D3-BF4B-00C04F79EFBC}") = "MajorityElement", "MajorityElement\MajorityElement.csproj", "{7B0CE005-2D9A-4EF1-870F-3D5D8BF0BE91}"
EndProject
Project("{2150E333-8FDC-42A3-9474-1A3956D46DE8}") = "0202-HappytNumber", "0202-HappytNumber", "{A34532B9-3749-4D78-9B73-C37E57F9D575}"
EndProject
Project("{FAE04EC0-301F-11D3-BF4B-00C04F79EFBC}") = "HappyNumber", "HappyNumber\HappyNumber.csproj", "{A1792B66-7ED7-41A7-9400-980EDFF414A2}"
EndProject
Project("{2150E333-8FDC-42A3-9474-1A3956D46DE8}") = "0283-MoveZeros", "0283-MoveZeros", "{827DE5D6-423F-4207-A6A4-9972A7ABD581}"
EndProject
Project("{FAE04EC0-301F-11D3-BF4B-00C04F79EFBC}") = "MoveZero", "MoveZero\MoveZero.csproj", "{F8CC9DBD-FEB2-401A-85EA-AB7F9A52D157}"
EndProject
Project("{2150E333-8FDC-42A3-9474-1A3956D46DE8}") = "0344-ReverseString", "0344-ReverseString", "{4B16CEF0-B88A-430E-B623-65184E357621}"
EndProject
Project("{FAE04EC0-301F-11D3-BF4B-00C04F79EFBC}") = "ReverseString", "ReverseString\ReverseString.csproj", "{AC9B8F47-94D3-4FC3-BA03-FC01E37ABC3D}"
EndProject
Project("{2150E333-8FDC-42A3-9474-1A3956D46DE8}") = "0145-BinaryTreePostortedTraversal", "0145-BinaryTreePostortedTraversal", "{09B2D617-B6B9-469F-965F-7C9EB7095FEB}"
EndProject
Project("{FAE04EC0-301F-11D3-BF4B-00C04F79EFBC}") = "BinaryTreePostortedTraversal", "BinaryTreePostortedTraversal\BinaryTreePostortedTraversal.csproj", "{B29E4FB1-C3AC-40C3-9EEF-1A0E5CA3F18F}"
EndProject
Project("{2150E333-8FDC-42A3-9474-1A3956D46DE8}") = "0263-UglyNumber", "0263-UglyNumber", "{28370D0D-4BB6-4AE0-A073-01A3A9995E49}"
EndProject
Project("{FAE04EC0-301F-11D3-BF4B-00C04F79EFBC}") = "UglyNumber", "UglyNumber\UglyNumber.csproj", "{9567E272-F298-4F80-A604-73E73EDB21FF}"
EndProject
Project("{2150E333-8FDC-42A3-9474-1A3956D46DE8}") = "0521-LongestUncommonSubsequenceI", "0521-LongestUncommonSubsequenceI", "{8F0A2958-872F-4754-928F-58FC3C648A08}"
EndProject
Project("{FAE04EC0-301F-11D3-BF4B-00C04F79EFBC}") = "LongestUncommonSubsequenceI", "LongestUncommonSubsequenceI\LongestUncommonSubsequenceI.csproj", "{CC9B9CAE-B524-4954-A7E5-D2255127E1F5}"
EndProject
Project("{2150E333-8FDC-42A3-9474-1A3956D46DE8}") = "0520-DetectCapital", "0520-DetectCapital", "{7CCE4955-D2E9-442D-80EC-741C575E48D7}"
EndProject
Project("{FAE04EC0-301F-11D3-BF4B-00C04F79EFBC}") = "DetectCapital", "DetectCapital\DetectCapital.csproj", "{4ADCA0C2-4853-405E-84D6-4B5CDEE4B071}"
EndProject
Project("{2150E333-8FDC-42A3-9474-1A3956D46DE8}") = "0575-DistributeCandies", "0575-DistributeCandies", "{DEBB00B9-D4D5-4E08-86A2-0E3FD55CF45A}"
EndProject
Project("{FAE04EC0-301F-11D3-BF4B-00C04F79EFBC}") = "DistributeCandies", "DistributeCandies\DistributeCandies.csproj", "{BFCA4E34-05C1-412E-B1AA-9369F7579D17}"
EndProject
Project("{2150E333-8FDC-42A3-9474-1A3956D46DE8}") = "0628-MaximumProductOfThreeNumber", "0628-MaximumProductOfThreeNumber", "{BAD02242-6509-4C22-917F-7F3443670A3C}"
EndProject
Project("{FAE04EC0-301F-11D3-BF4B-00C04F79EFBC}") = "MaximumProductOfThreeNumber", "MaximumProductOfThreeNumber\MaximumProductOfThreeNumber.csproj", "{35408EE2-C023-4C99-B898-7171450A5F37}"
EndProject
Project("{2150E333-8FDC-42A3-9474-1A3956D46DE8}") = "0657-RobotReturnToOrigin", "0657-RobotReturnToOrigin", "{8858565D-F92E-459B-B6CA-FF3CB76B0DBF}"
EndProject
Project("{FAE04EC0-301F-11D3-BF4B-00C04F79EFBC}") = "RobotReturnToOrigin", "RobotReturnToOrigin\RobotReturnToOrigin.csproj", "{A9A4F139-4C26-4F90-AD11-AB49101F75D7}"
EndProject
Project("{2150E333-8FDC-42A3-9474-1A3956D46DE8}") = "0709-ToLowerCase", "0709-ToLowerCase", "{9D2C1EDE-2DDB-4CD2-9999-F24ABE7F984F}"
EndProject
Project("{FAE04EC0-301F-11D3-BF4B-00C04F79EFBC}") = "ToLowerCase", "ToLowerCase\ToLowerCase.csproj", "{DAD7F75E-D879-46AC-AFEE-3955191FDC90}"
EndProject
Project("{2150E333-8FDC-42A3-9474-1A3956D46DE8}") = "0929-UniqueEmailAddress", "0929-UniqueEmailAddress", "{878C3012-B30C-4839-BAEC-2938C0D672E9}"
EndProject
Project("{FAE04EC0-301F-11D3-BF4B-00C04F79EFBC}") = "UniqueEmailAddress", "UniqueEmailAddress\UniqueEmailAddress.csproj", "{32796D03-B754-4981-8DCF-4895D043CAE1}"
EndProject
Project("{2150E333-8FDC-42A3-9474-1A3956D46DE8}") = "0482-LecenseKeyFormatting", "0482-LecenseKeyFormatting", "{B1FF90EA-C6A8-49F9-813B-5F9F8C3FD2AE}"
EndProject
Project("{FAE04EC0-301F-11D3-BF4B-00C04F79EFBC}") = "LecenseKeyFormatting", "LecenseKeyFormatting\LecenseKeyFormatting.csproj", "{822CC6A7-F5C2-47D9-9E00-295008695D2C}"
EndProject
Project("{2150E333-8FDC-42A3-9474-1A3956D46DE8}") = "0771-JewelsAndStones", "0771-JewelsAndStones", "{CA920A4C-3AEB-4810-B4A7-3AB7598B6F48}"
EndProject
Project("{FAE04EC0-301F-11D3-BF4B-00C04F79EFBC}") = "JewelsAndStones", "JewelsAndStones\JewelsAndStones.csproj", "{5A1BDAAA-A1A3-4B82-ADB6-313D0967FEA3}"
EndProject
Project("{2150E333-8FDC-42A3-9474-1A3956D46DE8}") = "0977-SquaresOfASortedArray", "0977-SquaresOfASortedArray", "{D5FA7D5B-A8C6-4672-8B28-7E20A3E6A26E}"
EndProject
Project("{FAE04EC0-301F-11D3-BF4B-00C04F79EFBC}") = "SquaresOfASortedArray", "SquaresOfASortedArray\SquaresOfASortedArray.csproj", "{4ACCB8E9-4F4F-441A-A198-98D09246E870}"
EndProject
Project("{2150E333-8FDC-42A3-9474-1A3956D46DE8}") = "0190-ReverseBits", "0190-ReverseBits", "{70F67172-A727-40B1-A42E-A9AF38339C4D}"
EndProject
Project("{FAE04EC0-301F-11D3-BF4B-00C04F79EFBC}") = "ReverseBits", "ReverseBits\ReverseBits.csproj", "{258B8566-0806-4018-9301-D38A756AB81F}"
EndProject
Project("{2150E333-8FDC-42A3-9474-1A3956D46DE8}") = "0693-BinaryNumberWithAlternatingBits", "0693-BinaryNumberWithAlternatingBits", "{0268F5CD-D9DF-47A0-9A05-CD86848DB9C4}"
EndProject
Project("{FAE04EC0-301F-11D3-BF4B-00C04F79EFBC}") = "BinaryNumberWithAlternatingBits", "BinaryNumberWithAlternatingBits\BinaryNumberWithAlternatingBits.csproj", "{05C8C800-3E80-49B5-B5F9-7EA162075BB0}"
EndProject
Global
	GlobalSection(SolutionConfigurationPlatforms) = preSolution
		Debug|Any CPU = Debug|Any CPU
		Release|Any CPU = Release|Any CPU
	EndGlobalSection
	GlobalSection(ProjectConfigurationPlatforms) = postSolution
		{211254D4-1941-43CF-858C-3C6435FA4A5D}.Debug|Any CPU.ActiveCfg = Debug|Any CPU
		{211254D4-1941-43CF-858C-3C6435FA4A5D}.Debug|Any CPU.Build.0 = Debug|Any CPU
		{211254D4-1941-43CF-858C-3C6435FA4A5D}.Release|Any CPU.ActiveCfg = Release|Any CPU
		{211254D4-1941-43CF-858C-3C6435FA4A5D}.Release|Any CPU.Build.0 = Release|Any CPU
		{9CA3360F-4E81-4950-B04A-05F2A402AB2C}.Debug|Any CPU.ActiveCfg = Debug|Any CPU
		{9CA3360F-4E81-4950-B04A-05F2A402AB2C}.Debug|Any CPU.Build.0 = Debug|Any CPU
		{9CA3360F-4E81-4950-B04A-05F2A402AB2C}.Release|Any CPU.ActiveCfg = Release|Any CPU
		{9CA3360F-4E81-4950-B04A-05F2A402AB2C}.Release|Any CPU.Build.0 = Release|Any CPU
		{7559F3EF-E3A3-44A1-99A2-40C047D7AFD6}.Debug|Any CPU.ActiveCfg = Debug|Any CPU
		{7559F3EF-E3A3-44A1-99A2-40C047D7AFD6}.Debug|Any CPU.Build.0 = Debug|Any CPU
		{7559F3EF-E3A3-44A1-99A2-40C047D7AFD6}.Release|Any CPU.ActiveCfg = Release|Any CPU
		{7559F3EF-E3A3-44A1-99A2-40C047D7AFD6}.Release|Any CPU.Build.0 = Release|Any CPU
		{0A953D69-0AD8-4160-AA55-F1F78DF30F9B}.Debug|Any CPU.ActiveCfg = Debug|Any CPU
		{0A953D69-0AD8-4160-AA55-F1F78DF30F9B}.Debug|Any CPU.Build.0 = Debug|Any CPU
		{0A953D69-0AD8-4160-AA55-F1F78DF30F9B}.Release|Any CPU.ActiveCfg = Release|Any CPU
		{0A953D69-0AD8-4160-AA55-F1F78DF30F9B}.Release|Any CPU.Build.0 = Release|Any CPU
		{BB35668A-E6D4-41E2-A5D2-A2BA6207798F}.Debug|Any CPU.ActiveCfg = Debug|Any CPU
		{BB35668A-E6D4-41E2-A5D2-A2BA6207798F}.Debug|Any CPU.Build.0 = Debug|Any CPU
		{BB35668A-E6D4-41E2-A5D2-A2BA6207798F}.Release|Any CPU.ActiveCfg = Release|Any CPU
		{BB35668A-E6D4-41E2-A5D2-A2BA6207798F}.Release|Any CPU.Build.0 = Release|Any CPU
		{6675C591-C92C-4F24-8951-F0F3DF5BC309}.Debug|Any CPU.ActiveCfg = Debug|Any CPU
		{6675C591-C92C-4F24-8951-F0F3DF5BC309}.Debug|Any CPU.Build.0 = Debug|Any CPU
		{6675C591-C92C-4F24-8951-F0F3DF5BC309}.Release|Any CPU.ActiveCfg = Release|Any CPU
		{6675C591-C92C-4F24-8951-F0F3DF5BC309}.Release|Any CPU.Build.0 = Release|Any CPU
		{FA7F159B-14B3-4650-ACCA-5102828C9621}.Debug|Any CPU.ActiveCfg = Debug|Any CPU
		{FA7F159B-14B3-4650-ACCA-5102828C9621}.Debug|Any CPU.Build.0 = Debug|Any CPU
		{FA7F159B-14B3-4650-ACCA-5102828C9621}.Release|Any CPU.ActiveCfg = Release|Any CPU
		{FA7F159B-14B3-4650-ACCA-5102828C9621}.Release|Any CPU.Build.0 = Release|Any CPU
		{154060BC-6DAF-43C0-9DBB-2F03E882C1CA}.Debug|Any CPU.ActiveCfg = Debug|Any CPU
		{154060BC-6DAF-43C0-9DBB-2F03E882C1CA}.Debug|Any CPU.Build.0 = Debug|Any CPU
		{154060BC-6DAF-43C0-9DBB-2F03E882C1CA}.Release|Any CPU.ActiveCfg = Release|Any CPU
		{154060BC-6DAF-43C0-9DBB-2F03E882C1CA}.Release|Any CPU.Build.0 = Release|Any CPU
		{A7BFE0F2-7256-46D8-8902-C5C2A13F612D}.Debug|Any CPU.ActiveCfg = Debug|Any CPU
		{A7BFE0F2-7256-46D8-8902-C5C2A13F612D}.Debug|Any CPU.Build.0 = Debug|Any CPU
		{A7BFE0F2-7256-46D8-8902-C5C2A13F612D}.Release|Any CPU.ActiveCfg = Release|Any CPU
		{A7BFE0F2-7256-46D8-8902-C5C2A13F612D}.Release|Any CPU.Build.0 = Release|Any CPU
		{341BD217-E3A0-481A-8895-B2E7E007B7B9}.Debug|Any CPU.ActiveCfg = Debug|Any CPU
		{341BD217-E3A0-481A-8895-B2E7E007B7B9}.Debug|Any CPU.Build.0 = Debug|Any CPU
		{341BD217-E3A0-481A-8895-B2E7E007B7B9}.Release|Any CPU.ActiveCfg = Release|Any CPU
		{341BD217-E3A0-481A-8895-B2E7E007B7B9}.Release|Any CPU.Build.0 = Release|Any CPU
		{3A0F42EB-E6D0-4C16-879B-39F3D39DE50F}.Debug|Any CPU.ActiveCfg = Debug|Any CPU
		{3A0F42EB-E6D0-4C16-879B-39F3D39DE50F}.Debug|Any CPU.Build.0 = Debug|Any CPU
		{3A0F42EB-E6D0-4C16-879B-39F3D39DE50F}.Release|Any CPU.ActiveCfg = Release|Any CPU
		{3A0F42EB-E6D0-4C16-879B-39F3D39DE50F}.Release|Any CPU.Build.0 = Release|Any CPU
		{32248C7F-FF67-48F5-8225-9E66345121AE}.Debug|Any CPU.ActiveCfg = Debug|Any CPU
		{32248C7F-FF67-48F5-8225-9E66345121AE}.Debug|Any CPU.Build.0 = Debug|Any CPU
		{32248C7F-FF67-48F5-8225-9E66345121AE}.Release|Any CPU.ActiveCfg = Release|Any CPU
		{32248C7F-FF67-48F5-8225-9E66345121AE}.Release|Any CPU.Build.0 = Release|Any CPU
		{CD77631C-328F-49BB-9328-C8509D00834F}.Debug|Any CPU.ActiveCfg = Debug|Any CPU
		{CD77631C-328F-49BB-9328-C8509D00834F}.Debug|Any CPU.Build.0 = Debug|Any CPU
		{CD77631C-328F-49BB-9328-C8509D00834F}.Release|Any CPU.ActiveCfg = Release|Any CPU
		{CD77631C-328F-49BB-9328-C8509D00834F}.Release|Any CPU.Build.0 = Release|Any CPU
		{F2107314-9453-462D-95DF-24936045DDB4}.Debug|Any CPU.ActiveCfg = Debug|Any CPU
		{F2107314-9453-462D-95DF-24936045DDB4}.Debug|Any CPU.Build.0 = Debug|Any CPU
		{F2107314-9453-462D-95DF-24936045DDB4}.Release|Any CPU.ActiveCfg = Release|Any CPU
		{F2107314-9453-462D-95DF-24936045DDB4}.Release|Any CPU.Build.0 = Release|Any CPU
		{BE5E547E-C4EC-4DAE-B236-4AA3FB36F0DB}.Debug|Any CPU.ActiveCfg = Debug|Any CPU
		{BE5E547E-C4EC-4DAE-B236-4AA3FB36F0DB}.Debug|Any CPU.Build.0 = Debug|Any CPU
		{BE5E547E-C4EC-4DAE-B236-4AA3FB36F0DB}.Release|Any CPU.ActiveCfg = Release|Any CPU
		{BE5E547E-C4EC-4DAE-B236-4AA3FB36F0DB}.Release|Any CPU.Build.0 = Release|Any CPU
		{6B030F0F-4C88-4F0C-B6ED-742BD41E6B92}.Debug|Any CPU.ActiveCfg = Debug|Any CPU
		{6B030F0F-4C88-4F0C-B6ED-742BD41E6B92}.Debug|Any CPU.Build.0 = Debug|Any CPU
		{6B030F0F-4C88-4F0C-B6ED-742BD41E6B92}.Release|Any CPU.ActiveCfg = Release|Any CPU
		{6B030F0F-4C88-4F0C-B6ED-742BD41E6B92}.Release|Any CPU.Build.0 = Release|Any CPU
		{589AC2A0-643E-4A52-AE17-32C047596429}.Debug|Any CPU.ActiveCfg = Debug|Any CPU
		{589AC2A0-643E-4A52-AE17-32C047596429}.Debug|Any CPU.Build.0 = Debug|Any CPU
		{589AC2A0-643E-4A52-AE17-32C047596429}.Release|Any CPU.ActiveCfg = Release|Any CPU
		{589AC2A0-643E-4A52-AE17-32C047596429}.Release|Any CPU.Build.0 = Release|Any CPU
		{2CB2449B-6C5E-43E3-A104-AA4B8DB125C0}.Debug|Any CPU.ActiveCfg = Debug|Any CPU
		{2CB2449B-6C5E-43E3-A104-AA4B8DB125C0}.Debug|Any CPU.Build.0 = Debug|Any CPU
		{2CB2449B-6C5E-43E3-A104-AA4B8DB125C0}.Release|Any CPU.ActiveCfg = Release|Any CPU
		{2CB2449B-6C5E-43E3-A104-AA4B8DB125C0}.Release|Any CPU.Build.0 = Release|Any CPU
		{30429552-5308-4C8D-BB35-FA57049338C3}.Debug|Any CPU.ActiveCfg = Debug|Any CPU
		{30429552-5308-4C8D-BB35-FA57049338C3}.Debug|Any CPU.Build.0 = Debug|Any CPU
		{30429552-5308-4C8D-BB35-FA57049338C3}.Release|Any CPU.ActiveCfg = Release|Any CPU
		{30429552-5308-4C8D-BB35-FA57049338C3}.Release|Any CPU.Build.0 = Release|Any CPU
		{F72FE54A-FE10-45BE-93CD-4F4ED14622BF}.Debug|Any CPU.ActiveCfg = Debug|Any CPU
		{F72FE54A-FE10-45BE-93CD-4F4ED14622BF}.Debug|Any CPU.Build.0 = Debug|Any CPU
		{F72FE54A-FE10-45BE-93CD-4F4ED14622BF}.Release|Any CPU.ActiveCfg = Release|Any CPU
		{F72FE54A-FE10-45BE-93CD-4F4ED14622BF}.Release|Any CPU.Build.0 = Release|Any CPU
		{B7A233CB-2276-489C-802E-D76C1E065CA8}.Debug|Any CPU.ActiveCfg = Debug|Any CPU
		{B7A233CB-2276-489C-802E-D76C1E065CA8}.Debug|Any CPU.Build.0 = Debug|Any CPU
		{B7A233CB-2276-489C-802E-D76C1E065CA8}.Release|Any CPU.ActiveCfg = Release|Any CPU
		{B7A233CB-2276-489C-802E-D76C1E065CA8}.Release|Any CPU.Build.0 = Release|Any CPU
		{FD65C28E-5324-40CF-8DB3-B4F1187AE3FC}.Debug|Any CPU.ActiveCfg = Debug|Any CPU
		{FD65C28E-5324-40CF-8DB3-B4F1187AE3FC}.Debug|Any CPU.Build.0 = Debug|Any CPU
		{FD65C28E-5324-40CF-8DB3-B4F1187AE3FC}.Release|Any CPU.ActiveCfg = Release|Any CPU
		{FD65C28E-5324-40CF-8DB3-B4F1187AE3FC}.Release|Any CPU.Build.0 = Release|Any CPU
		{138A19ED-683B-414E-9745-383A2150DC48}.Debug|Any CPU.ActiveCfg = Debug|Any CPU
		{138A19ED-683B-414E-9745-383A2150DC48}.Debug|Any CPU.Build.0 = Debug|Any CPU
		{138A19ED-683B-414E-9745-383A2150DC48}.Release|Any CPU.ActiveCfg = Release|Any CPU
		{138A19ED-683B-414E-9745-383A2150DC48}.Release|Any CPU.Build.0 = Release|Any CPU
		{D436D36B-82E8-4E11-8F08-5F712A739F48}.Debug|Any CPU.ActiveCfg = Debug|Any CPU
		{D436D36B-82E8-4E11-8F08-5F712A739F48}.Debug|Any CPU.Build.0 = Debug|Any CPU
		{D436D36B-82E8-4E11-8F08-5F712A739F48}.Release|Any CPU.ActiveCfg = Release|Any CPU
		{D436D36B-82E8-4E11-8F08-5F712A739F48}.Release|Any CPU.Build.0 = Release|Any CPU
		{8E12CF59-181D-4FCA-8AE5-1FB4E6B3A829}.Debug|Any CPU.ActiveCfg = Debug|Any CPU
		{8E12CF59-181D-4FCA-8AE5-1FB4E6B3A829}.Debug|Any CPU.Build.0 = Debug|Any CPU
		{8E12CF59-181D-4FCA-8AE5-1FB4E6B3A829}.Release|Any CPU.ActiveCfg = Release|Any CPU
		{8E12CF59-181D-4FCA-8AE5-1FB4E6B3A829}.Release|Any CPU.Build.0 = Release|Any CPU
		{1F740F7E-9CE5-4735-9E61-394E8CAD0801}.Debug|Any CPU.ActiveCfg = Debug|Any CPU
		{1F740F7E-9CE5-4735-9E61-394E8CAD0801}.Debug|Any CPU.Build.0 = Debug|Any CPU
		{1F740F7E-9CE5-4735-9E61-394E8CAD0801}.Release|Any CPU.ActiveCfg = Release|Any CPU
		{1F740F7E-9CE5-4735-9E61-394E8CAD0801}.Release|Any CPU.Build.0 = Release|Any CPU
		{C9C72018-F3D2-4AB1-A9C8-DB2F25DE673C}.Debug|Any CPU.ActiveCfg = Debug|Any CPU
		{C9C72018-F3D2-4AB1-A9C8-DB2F25DE673C}.Debug|Any CPU.Build.0 = Debug|Any CPU
		{C9C72018-F3D2-4AB1-A9C8-DB2F25DE673C}.Release|Any CPU.ActiveCfg = Release|Any CPU
		{C9C72018-F3D2-4AB1-A9C8-DB2F25DE673C}.Release|Any CPU.Build.0 = Release|Any CPU
		{C1B2F459-4899-4228-8B94-9D5D0157E4B0}.Debug|Any CPU.ActiveCfg = Debug|Any CPU
		{C1B2F459-4899-4228-8B94-9D5D0157E4B0}.Debug|Any CPU.Build.0 = Debug|Any CPU
		{C1B2F459-4899-4228-8B94-9D5D0157E4B0}.Release|Any CPU.ActiveCfg = Release|Any CPU
		{C1B2F459-4899-4228-8B94-9D5D0157E4B0}.Release|Any CPU.Build.0 = Release|Any CPU
		{04A00737-0DE5-4059-BF7C-CE04152533AF}.Debug|Any CPU.ActiveCfg = Debug|Any CPU
		{04A00737-0DE5-4059-BF7C-CE04152533AF}.Debug|Any CPU.Build.0 = Debug|Any CPU
		{04A00737-0DE5-4059-BF7C-CE04152533AF}.Release|Any CPU.ActiveCfg = Release|Any CPU
		{04A00737-0DE5-4059-BF7C-CE04152533AF}.Release|Any CPU.Build.0 = Release|Any CPU
		{08CF90F4-73C3-4104-89AF-68984B143FAB}.Debug|Any CPU.ActiveCfg = Debug|Any CPU
		{08CF90F4-73C3-4104-89AF-68984B143FAB}.Debug|Any CPU.Build.0 = Debug|Any CPU
		{08CF90F4-73C3-4104-89AF-68984B143FAB}.Release|Any CPU.ActiveCfg = Release|Any CPU
		{08CF90F4-73C3-4104-89AF-68984B143FAB}.Release|Any CPU.Build.0 = Release|Any CPU
		{7B0CE005-2D9A-4EF1-870F-3D5D8BF0BE91}.Debug|Any CPU.ActiveCfg = Debug|Any CPU
		{7B0CE005-2D9A-4EF1-870F-3D5D8BF0BE91}.Debug|Any CPU.Build.0 = Debug|Any CPU
		{7B0CE005-2D9A-4EF1-870F-3D5D8BF0BE91}.Release|Any CPU.ActiveCfg = Release|Any CPU
		{7B0CE005-2D9A-4EF1-870F-3D5D8BF0BE91}.Release|Any CPU.Build.0 = Release|Any CPU
		{A1792B66-7ED7-41A7-9400-980EDFF414A2}.Debug|Any CPU.ActiveCfg = Debug|Any CPU
		{A1792B66-7ED7-41A7-9400-980EDFF414A2}.Debug|Any CPU.Build.0 = Debug|Any CPU
		{A1792B66-7ED7-41A7-9400-980EDFF414A2}.Release|Any CPU.ActiveCfg = Release|Any CPU
		{A1792B66-7ED7-41A7-9400-980EDFF414A2}.Release|Any CPU.Build.0 = Release|Any CPU
		{F8CC9DBD-FEB2-401A-85EA-AB7F9A52D157}.Debug|Any CPU.ActiveCfg = Debug|Any CPU
		{F8CC9DBD-FEB2-401A-85EA-AB7F9A52D157}.Debug|Any CPU.Build.0 = Debug|Any CPU
		{F8CC9DBD-FEB2-401A-85EA-AB7F9A52D157}.Release|Any CPU.ActiveCfg = Release|Any CPU
		{F8CC9DBD-FEB2-401A-85EA-AB7F9A52D157}.Release|Any CPU.Build.0 = Release|Any CPU
		{AC9B8F47-94D3-4FC3-BA03-FC01E37ABC3D}.Debug|Any CPU.ActiveCfg = Debug|Any CPU
		{AC9B8F47-94D3-4FC3-BA03-FC01E37ABC3D}.Debug|Any CPU.Build.0 = Debug|Any CPU
		{AC9B8F47-94D3-4FC3-BA03-FC01E37ABC3D}.Release|Any CPU.ActiveCfg = Release|Any CPU
		{AC9B8F47-94D3-4FC3-BA03-FC01E37ABC3D}.Release|Any CPU.Build.0 = Release|Any CPU
		{B29E4FB1-C3AC-40C3-9EEF-1A0E5CA3F18F}.Debug|Any CPU.ActiveCfg = Debug|Any CPU
		{B29E4FB1-C3AC-40C3-9EEF-1A0E5CA3F18F}.Debug|Any CPU.Build.0 = Debug|Any CPU
		{B29E4FB1-C3AC-40C3-9EEF-1A0E5CA3F18F}.Release|Any CPU.ActiveCfg = Release|Any CPU
		{B29E4FB1-C3AC-40C3-9EEF-1A0E5CA3F18F}.Release|Any CPU.Build.0 = Release|Any CPU
		{9567E272-F298-4F80-A604-73E73EDB21FF}.Debug|Any CPU.ActiveCfg = Debug|Any CPU
		{9567E272-F298-4F80-A604-73E73EDB21FF}.Debug|Any CPU.Build.0 = Debug|Any CPU
		{9567E272-F298-4F80-A604-73E73EDB21FF}.Release|Any CPU.ActiveCfg = Release|Any CPU
		{9567E272-F298-4F80-A604-73E73EDB21FF}.Release|Any CPU.Build.0 = Release|Any CPU
		{CC9B9CAE-B524-4954-A7E5-D2255127E1F5}.Debug|Any CPU.ActiveCfg = Debug|Any CPU
		{CC9B9CAE-B524-4954-A7E5-D2255127E1F5}.Debug|Any CPU.Build.0 = Debug|Any CPU
		{CC9B9CAE-B524-4954-A7E5-D2255127E1F5}.Release|Any CPU.ActiveCfg = Release|Any CPU
		{CC9B9CAE-B524-4954-A7E5-D2255127E1F5}.Release|Any CPU.Build.0 = Release|Any CPU
		{4ADCA0C2-4853-405E-84D6-4B5CDEE4B071}.Debug|Any CPU.ActiveCfg = Debug|Any CPU
		{4ADCA0C2-4853-405E-84D6-4B5CDEE4B071}.Debug|Any CPU.Build.0 = Debug|Any CPU
		{4ADCA0C2-4853-405E-84D6-4B5CDEE4B071}.Release|Any CPU.ActiveCfg = Release|Any CPU
		{4ADCA0C2-4853-405E-84D6-4B5CDEE4B071}.Release|Any CPU.Build.0 = Release|Any CPU
		{BFCA4E34-05C1-412E-B1AA-9369F7579D17}.Debug|Any CPU.ActiveCfg = Debug|Any CPU
		{BFCA4E34-05C1-412E-B1AA-9369F7579D17}.Debug|Any CPU.Build.0 = Debug|Any CPU
		{BFCA4E34-05C1-412E-B1AA-9369F7579D17}.Release|Any CPU.ActiveCfg = Release|Any CPU
		{BFCA4E34-05C1-412E-B1AA-9369F7579D17}.Release|Any CPU.Build.0 = Release|Any CPU
		{35408EE2-C023-4C99-B898-7171450A5F37}.Debug|Any CPU.ActiveCfg = Debug|Any CPU
		{35408EE2-C023-4C99-B898-7171450A5F37}.Debug|Any CPU.Build.0 = Debug|Any CPU
		{35408EE2-C023-4C99-B898-7171450A5F37}.Release|Any CPU.ActiveCfg = Release|Any CPU
		{35408EE2-C023-4C99-B898-7171450A5F37}.Release|Any CPU.Build.0 = Release|Any CPU
		{A9A4F139-4C26-4F90-AD11-AB49101F75D7}.Debug|Any CPU.ActiveCfg = Debug|Any CPU
		{A9A4F139-4C26-4F90-AD11-AB49101F75D7}.Debug|Any CPU.Build.0 = Debug|Any CPU
		{A9A4F139-4C26-4F90-AD11-AB49101F75D7}.Release|Any CPU.ActiveCfg = Release|Any CPU
		{A9A4F139-4C26-4F90-AD11-AB49101F75D7}.Release|Any CPU.Build.0 = Release|Any CPU
		{DAD7F75E-D879-46AC-AFEE-3955191FDC90}.Debug|Any CPU.ActiveCfg = Debug|Any CPU
		{DAD7F75E-D879-46AC-AFEE-3955191FDC90}.Debug|Any CPU.Build.0 = Debug|Any CPU
		{DAD7F75E-D879-46AC-AFEE-3955191FDC90}.Release|Any CPU.ActiveCfg = Release|Any CPU
		{DAD7F75E-D879-46AC-AFEE-3955191FDC90}.Release|Any CPU.Build.0 = Release|Any CPU
		{32796D03-B754-4981-8DCF-4895D043CAE1}.Debug|Any CPU.ActiveCfg = Debug|Any CPU
		{32796D03-B754-4981-8DCF-4895D043CAE1}.Debug|Any CPU.Build.0 = Debug|Any CPU
		{32796D03-B754-4981-8DCF-4895D043CAE1}.Release|Any CPU.ActiveCfg = Release|Any CPU
		{32796D03-B754-4981-8DCF-4895D043CAE1}.Release|Any CPU.Build.0 = Release|Any CPU
		{822CC6A7-F5C2-47D9-9E00-295008695D2C}.Debug|Any CPU.ActiveCfg = Debug|Any CPU
		{822CC6A7-F5C2-47D9-9E00-295008695D2C}.Debug|Any CPU.Build.0 = Debug|Any CPU
		{822CC6A7-F5C2-47D9-9E00-295008695D2C}.Release|Any CPU.ActiveCfg = Release|Any CPU
		{822CC6A7-F5C2-47D9-9E00-295008695D2C}.Release|Any CPU.Build.0 = Release|Any CPU
		{5A1BDAAA-A1A3-4B82-ADB6-313D0967FEA3}.Debug|Any CPU.ActiveCfg = Debug|Any CPU
		{5A1BDAAA-A1A3-4B82-ADB6-313D0967FEA3}.Debug|Any CPU.Build.0 = Debug|Any CPU
		{5A1BDAAA-A1A3-4B82-ADB6-313D0967FEA3}.Release|Any CPU.ActiveCfg = Release|Any CPU
		{5A1BDAAA-A1A3-4B82-ADB6-313D0967FEA3}.Release|Any CPU.Build.0 = Release|Any CPU
		{4ACCB8E9-4F4F-441A-A198-98D09246E870}.Debug|Any CPU.ActiveCfg = Debug|Any CPU
		{4ACCB8E9-4F4F-441A-A198-98D09246E870}.Debug|Any CPU.Build.0 = Debug|Any CPU
		{4ACCB8E9-4F4F-441A-A198-98D09246E870}.Release|Any CPU.ActiveCfg = Release|Any CPU
		{4ACCB8E9-4F4F-441A-A198-98D09246E870}.Release|Any CPU.Build.0 = Release|Any CPU
		{258B8566-0806-4018-9301-D38A756AB81F}.Debug|Any CPU.ActiveCfg = Debug|Any CPU
		{258B8566-0806-4018-9301-D38A756AB81F}.Debug|Any CPU.Build.0 = Debug|Any CPU
		{258B8566-0806-4018-9301-D38A756AB81F}.Release|Any CPU.ActiveCfg = Release|Any CPU
		{258B8566-0806-4018-9301-D38A756AB81F}.Release|Any CPU.Build.0 = Release|Any CPU
		{05C8C800-3E80-49B5-B5F9-7EA162075BB0}.Debug|Any CPU.ActiveCfg = Debug|Any CPU
		{05C8C800-3E80-49B5-B5F9-7EA162075BB0}.Debug|Any CPU.Build.0 = Debug|Any CPU
		{05C8C800-3E80-49B5-B5F9-7EA162075BB0}.Release|Any CPU.ActiveCfg = Release|Any CPU
		{05C8C800-3E80-49B5-B5F9-7EA162075BB0}.Release|Any CPU.Build.0 = Release|Any CPU
	EndGlobalSection
	GlobalSection(SolutionProperties) = preSolution
		HideSolutionNode = FALSE
	EndGlobalSection
	GlobalSection(NestedProjects) = preSolution
		{124FCCB3-8704-42B7-A172-9AE2B12B3611} = {47F5C53B-414F-4465-80B9-513CA7E9C464}
		{AC23C81C-2E06-4366-A925-306E56AE557B} = {124FCCB3-8704-42B7-A172-9AE2B12B3611}
		{211254D4-1941-43CF-858C-3C6435FA4A5D} = {AC23C81C-2E06-4366-A925-306E56AE557B}
		{8AD656DD-E2CD-4FBA-ADF2-3E98BAF6E7E6} = {124FCCB3-8704-42B7-A172-9AE2B12B3611}
		{9CA3360F-4E81-4950-B04A-05F2A402AB2C} = {8AD656DD-E2CD-4FBA-ADF2-3E98BAF6E7E6}
		{3C6DEB9A-B60C-4807-AFF2-48B58142A5B1} = {124FCCB3-8704-42B7-A172-9AE2B12B3611}
		{7559F3EF-E3A3-44A1-99A2-40C047D7AFD6} = {3C6DEB9A-B60C-4807-AFF2-48B58142A5B1}
		{D1E6AA27-8D28-454C-99C1-36DF5E580FB8} = {124FCCB3-8704-42B7-A172-9AE2B12B3611}
		{0A953D69-0AD8-4160-AA55-F1F78DF30F9B} = {D1E6AA27-8D28-454C-99C1-36DF5E580FB8}
		{35D715A5-D408-4D11-B640-05DEE9B8ADE0} = {124FCCB3-8704-42B7-A172-9AE2B12B3611}
		{BB35668A-E6D4-41E2-A5D2-A2BA6207798F} = {35D715A5-D408-4D11-B640-05DEE9B8ADE0}
		{F82B6D91-CC0D-4A41-9E90-DE3B6CEF7718} = {124FCCB3-8704-42B7-A172-9AE2B12B3611}
		{6675C591-C92C-4F24-8951-F0F3DF5BC309} = {F82B6D91-CC0D-4A41-9E90-DE3B6CEF7718}
		{D58C4FC4-4F0C-4360-8168-0427A21AA6F1} = {124FCCB3-8704-42B7-A172-9AE2B12B3611}
		{FA7F159B-14B3-4650-ACCA-5102828C9621} = {D58C4FC4-4F0C-4360-8168-0427A21AA6F1}
		{5E5EF70A-DED6-4835-865F-C31CFCD7F968} = {124FCCB3-8704-42B7-A172-9AE2B12B3611}
		{154060BC-6DAF-43C0-9DBB-2F03E882C1CA} = {5E5EF70A-DED6-4835-865F-C31CFCD7F968}
		{A5CFC9D4-4E68-410F-A060-3EC6063495D6} = {124FCCB3-8704-42B7-A172-9AE2B12B3611}
		{A7BFE0F2-7256-46D8-8902-C5C2A13F612D} = {A5CFC9D4-4E68-410F-A060-3EC6063495D6}
		{89874898-2774-4E27-8107-8318E897956F} = {124FCCB3-8704-42B7-A172-9AE2B12B3611}
		{341BD217-E3A0-481A-8895-B2E7E007B7B9} = {89874898-2774-4E27-8107-8318E897956F}
		{8E81D041-955E-44C7-93FC-CC337558C171} = {124FCCB3-8704-42B7-A172-9AE2B12B3611}
		{3A0F42EB-E6D0-4C16-879B-39F3D39DE50F} = {8E81D041-955E-44C7-93FC-CC337558C171}
		{A7AF1AAE-1988-44AA-AF29-B678C4B6F86C} = {124FCCB3-8704-42B7-A172-9AE2B12B3611}
		{32248C7F-FF67-48F5-8225-9E66345121AE} = {A7AF1AAE-1988-44AA-AF29-B678C4B6F86C}
		{5816C171-8D9E-4903-8A95-4627011BC60D} = {124FCCB3-8704-42B7-A172-9AE2B12B3611}
		{CD77631C-328F-49BB-9328-C8509D00834F} = {5816C171-8D9E-4903-8A95-4627011BC60D}
		{25D150FB-4E36-477B-9CAF-D859CE3FB8A1} = {124FCCB3-8704-42B7-A172-9AE2B12B3611}
		{F2107314-9453-462D-95DF-24936045DDB4} = {25D150FB-4E36-477B-9CAF-D859CE3FB8A1}
		{EE50C518-6F49-479A-BF06-2A3B14D55509} = {124FCCB3-8704-42B7-A172-9AE2B12B3611}
		{BE5E547E-C4EC-4DAE-B236-4AA3FB36F0DB} = {EE50C518-6F49-479A-BF06-2A3B14D55509}
		{6CA7AC01-B0C6-4659-88B2-4C54F848D356} = {124FCCB3-8704-42B7-A172-9AE2B12B3611}
		{6B030F0F-4C88-4F0C-B6ED-742BD41E6B92} = {6CA7AC01-B0C6-4659-88B2-4C54F848D356}
		{344CAE3D-B72B-4321-A82D-0BEF597B915E} = {124FCCB3-8704-42B7-A172-9AE2B12B3611}
		{589AC2A0-643E-4A52-AE17-32C047596429} = {344CAE3D-B72B-4321-A82D-0BEF597B915E}
		{711C72D9-2CCB-47B4-86C8-757E782707A5} = {124FCCB3-8704-42B7-A172-9AE2B12B3611}
		{2CB2449B-6C5E-43E3-A104-AA4B8DB125C0} = {711C72D9-2CCB-47B4-86C8-757E782707A5}
		{89DEFF1A-0420-4644-BFB8-3302AB847194} = {124FCCB3-8704-42B7-A172-9AE2B12B3611}
		{30429552-5308-4C8D-BB35-FA57049338C3} = {89DEFF1A-0420-4644-BFB8-3302AB847194}
		{CAC7A2B4-763D-40EC-9645-5DB97E332203} = {124FCCB3-8704-42B7-A172-9AE2B12B3611}
		{F72FE54A-FE10-45BE-93CD-4F4ED14622BF} = {CAC7A2B4-763D-40EC-9645-5DB97E332203}
		{AB1961ED-A0D5-4713-8A38-83293D207337} = {124FCCB3-8704-42B7-A172-9AE2B12B3611}
		{B7A233CB-2276-489C-802E-D76C1E065CA8} = {AB1961ED-A0D5-4713-8A38-83293D207337}
		{9D350672-08B4-4EA7-A0CB-BA0D819203A5} = {124FCCB3-8704-42B7-A172-9AE2B12B3611}
		{FD65C28E-5324-40CF-8DB3-B4F1187AE3FC} = {9D350672-08B4-4EA7-A0CB-BA0D819203A5}
		{76024826-8D30-4CB2-90ED-D8AB696E14FE} = {124FCCB3-8704-42B7-A172-9AE2B12B3611}
		{138A19ED-683B-414E-9745-383A2150DC48} = {76024826-8D30-4CB2-90ED-D8AB696E14FE}
		{EFE2F420-4FAB-4565-98A7-FFA76326AC31} = {124FCCB3-8704-42B7-A172-9AE2B12B3611}
		{D436D36B-82E8-4E11-8F08-5F712A739F48} = {EFE2F420-4FAB-4565-98A7-FFA76326AC31}
		{8F657002-F16B-4DA8-AF6C-06807A11D094} = {124FCCB3-8704-42B7-A172-9AE2B12B3611}
		{8E12CF59-181D-4FCA-8AE5-1FB4E6B3A829} = {8F657002-F16B-4DA8-AF6C-06807A11D094}
		{887A6583-47E4-4251-BE81-F7E0C90BD923} = {124FCCB3-8704-42B7-A172-9AE2B12B3611}
		{1F740F7E-9CE5-4735-9E61-394E8CAD0801} = {887A6583-47E4-4251-BE81-F7E0C90BD923}
		{DC605055-162F-4B2C-858F-6D4317855D7F} = {124FCCB3-8704-42B7-A172-9AE2B12B3611}
		{C9C72018-F3D2-4AB1-A9C8-DB2F25DE673C} = {DC605055-162F-4B2C-858F-6D4317855D7F}
		{FD2BAB1E-1EB9-4FD9-BB41-A0F1AA2BDC19} = {124FCCB3-8704-42B7-A172-9AE2B12B3611}
		{C1B2F459-4899-4228-8B94-9D5D0157E4B0} = {FD2BAB1E-1EB9-4FD9-BB41-A0F1AA2BDC19}
		{7ABF1AB6-6C26-4359-A363-880F440CFDDA} = {124FCCB3-8704-42B7-A172-9AE2B12B3611}
		{04A00737-0DE5-4059-BF7C-CE04152533AF} = {7ABF1AB6-6C26-4359-A363-880F440CFDDA}
		{56C96559-CF98-4348-8871-3C074F231CD6} = {124FCCB3-8704-42B7-A172-9AE2B12B3611}
		{08CF90F4-73C3-4104-89AF-68984B143FAB} = {56C96559-CF98-4348-8871-3C074F231CD6}
		{864201EB-F3AD-4C54-B77C-A3FC5215B1B8} = {124FCCB3-8704-42B7-A172-9AE2B12B3611}
		{7B0CE005-2D9A-4EF1-870F-3D5D8BF0BE91} = {864201EB-F3AD-4C54-B77C-A3FC5215B1B8}
		{A34532B9-3749-4D78-9B73-C37E57F9D575} = {124FCCB3-8704-42B7-A172-9AE2B12B3611}
		{A1792B66-7ED7-41A7-9400-980EDFF414A2} = {A34532B9-3749-4D78-9B73-C37E57F9D575}
		{827DE5D6-423F-4207-A6A4-9972A7ABD581} = {124FCCB3-8704-42B7-A172-9AE2B12B3611}
		{F8CC9DBD-FEB2-401A-85EA-AB7F9A52D157} = {827DE5D6-423F-4207-A6A4-9972A7ABD581}
		{4B16CEF0-B88A-430E-B623-65184E357621} = {124FCCB3-8704-42B7-A172-9AE2B12B3611}
		{AC9B8F47-94D3-4FC3-BA03-FC01E37ABC3D} = {4B16CEF0-B88A-430E-B623-65184E357621}
		{09B2D617-B6B9-469F-965F-7C9EB7095FEB} = {124FCCB3-8704-42B7-A172-9AE2B12B3611}
		{B29E4FB1-C3AC-40C3-9EEF-1A0E5CA3F18F} = {09B2D617-B6B9-469F-965F-7C9EB7095FEB}
		{28370D0D-4BB6-4AE0-A073-01A3A9995E49} = {124FCCB3-8704-42B7-A172-9AE2B12B3611}
		{9567E272-F298-4F80-A604-73E73EDB21FF} = {28370D0D-4BB6-4AE0-A073-01A3A9995E49}
		{8F0A2958-872F-4754-928F-58FC3C648A08} = {124FCCB3-8704-42B7-A172-9AE2B12B3611}
		{CC9B9CAE-B524-4954-A7E5-D2255127E1F5} = {8F0A2958-872F-4754-928F-58FC3C648A08}
		{7CCE4955-D2E9-442D-80EC-741C575E48D7} = {124FCCB3-8704-42B7-A172-9AE2B12B3611}
		{4ADCA0C2-4853-405E-84D6-4B5CDEE4B071} = {7CCE4955-D2E9-442D-80EC-741C575E48D7}
		{DEBB00B9-D4D5-4E08-86A2-0E3FD55CF45A} = {124FCCB3-8704-42B7-A172-9AE2B12B3611}
		{BFCA4E34-05C1-412E-B1AA-9369F7579D17} = {DEBB00B9-D4D5-4E08-86A2-0E3FD55CF45A}
		{BAD02242-6509-4C22-917F-7F3443670A3C} = {124FCCB3-8704-42B7-A172-9AE2B12B3611}
		{35408EE2-C023-4C99-B898-7171450A5F37} = {BAD02242-6509-4C22-917F-7F3443670A3C}
		{8858565D-F92E-459B-B6CA-FF3CB76B0DBF} = {124FCCB3-8704-42B7-A172-9AE2B12B3611}
		{A9A4F139-4C26-4F90-AD11-AB49101F75D7} = {8858565D-F92E-459B-B6CA-FF3CB76B0DBF}
		{9D2C1EDE-2DDB-4CD2-9999-F24ABE7F984F} = {124FCCB3-8704-42B7-A172-9AE2B12B3611}
		{DAD7F75E-D879-46AC-AFEE-3955191FDC90} = {9D2C1EDE-2DDB-4CD2-9999-F24ABE7F984F}
		{878C3012-B30C-4839-BAEC-2938C0D672E9} = {124FCCB3-8704-42B7-A172-9AE2B12B3611}
		{32796D03-B754-4981-8DCF-4895D043CAE1} = {878C3012-B30C-4839-BAEC-2938C0D672E9}
		{B1FF90EA-C6A8-49F9-813B-5F9F8C3FD2AE} = {124FCCB3-8704-42B7-A172-9AE2B12B3611}
		{822CC6A7-F5C2-47D9-9E00-295008695D2C} = {B1FF90EA-C6A8-49F9-813B-5F9F8C3FD2AE}
		{CA920A4C-3AEB-4810-B4A7-3AB7598B6F48} = {124FCCB3-8704-42B7-A172-9AE2B12B3611}
		{5A1BDAAA-A1A3-4B82-ADB6-313D0967FEA3} = {CA920A4C-3AEB-4810-B4A7-3AB7598B6F48}
		{D5FA7D5B-A8C6-4672-8B28-7E20A3E6A26E} = {124FCCB3-8704-42B7-A172-9AE2B12B3611}
		{4ACCB8E9-4F4F-441A-A198-98D09246E870} = {D5FA7D5B-A8C6-4672-8B28-7E20A3E6A26E}
		{70F67172-A727-40B1-A42E-A9AF38339C4D} = {124FCCB3-8704-42B7-A172-9AE2B12B3611}
		{258B8566-0806-4018-9301-D38A756AB81F} = {70F67172-A727-40B1-A42E-A9AF38339C4D}
		{0268F5CD-D9DF-47A0-9A05-CD86848DB9C4} = {124FCCB3-8704-42B7-A172-9AE2B12B3611}
		{05C8C800-3E80-49B5-B5F9-7EA162075BB0} = {0268F5CD-D9DF-47A0-9A05-CD86848DB9C4}
	EndGlobalSection
EndGlobal
