
Microsoft Visual Studio Solution File, Format Version 12.00
# Visual Studio Version 17
VisualStudioVersion = 17.12.35728.132
MinimumVisualStudioVersion = 10.0.40219.1
Project("{2150E333-8FDC-42A3-9474-1A3956D46DE8}") = "src", "src", "{47F5C53B-414F-4465-80B9-513CA7E9C464}"
EndProject
Project("{2150E333-8FDC-42A3-9474-1A3956D46DE8}") = "Easy", "Easy", "{124FCCB3-8704-42B7-A172-9AE2B12B3611}"
EndProject
Project("{2150E333-8FDC-42A3-9474-1A3956D46DE8}") = "0066-PlusOne", "0066-PlusOne", "{AC23C81C-2E06-4366-A925-306E56AE557B}"
EndProject
Project("{FAE04EC0-301F-11D3-BF4B-00C04F79EFBC}") = "PlusOne", "PlusOne\PlusOne.csproj", "{211254D4-1941-43CF-858C-3C6435FA4A5D}"
EndProject
Global
	GlobalSection(SolutionConfigurationPlatforms) = preSolution
		Debug|Any CPU = Debug|Any CPU
		Release|Any CPU = Release|Any CPU
	EndGlobalSection
	GlobalSection(ProjectConfigurationPlatforms) = postSolution
		{211254D4-1941-43CF-858C-3C6435FA4A5D}.Debug|Any CPU.ActiveCfg = Debug|Any CPU
		{211254D4-1941-43CF-858C-3C6435FA4A5D}.Debug|Any CPU.Build.0 = Debug|Any CPU
		{211254D4-1941-43CF-858C-3C6435FA4A5D}.Release|Any CPU.ActiveCfg = Release|Any CPU
		{211254D4-1941-43CF-858C-3C6435FA4A5D}.Release|Any CPU.Build.0 = Release|Any CPU
	EndGlobalSection
	GlobalSection(SolutionProperties) = preSolution
		HideSolutionNode = FALSE
	EndGlobalSection
	GlobalSection(NestedProjects) = preSolution
		{124FCCB3-8704-42B7-A172-9AE2B12B3611} = {47F5C53B-414F-4465-80B9-513CA7E9C464}
		{AC23C81C-2E06-4366-A925-306E56AE557B} = {124FCCB3-8704-42B7-A172-9AE2B12B3611}
		{211254D4-1941-43CF-858C-3C6435FA4A5D} = {AC23C81C-2E06-4366-A925-306E56AE557B}
	EndGlobalSection
EndGlobal
